
Microsoft Visual Studio Solution File, Format Version 12.00
# Visual Studio Version 16
VisualStudioVersion = 16.0.31605.320
MinimumVisualStudioVersion = 15.0.26124.0
Project("{9A19103F-16F7-4668-BE54-9A1E7A4F7556}") = "Dominio", "Dominio\Dominio.csproj", "{02B70033-1027-4F6A-B170-2DEEE3B3F72E}"
EndProject
Project("{9A19103F-16F7-4668-BE54-9A1E7A4F7556}") = "Aplicacion", "Aplicacion\Aplicacion.csproj", "{20983F53-2D06-41A7-A1BC-676C430C4D5B}"
EndProject
Project("{9A19103F-16F7-4668-BE54-9A1E7A4F7556}") = "Persistencia", "Persistencia\Persistencia.csproj", "{A4BD466B-2663-427D-B3BF-BB272D3A4CFE}"
EndProject
Project("{9A19103F-16F7-4668-BE54-9A1E7A4F7556}") = "WebAPI", "WebAPI\WebAPI.csproj", "{16A38CEE-0456-4228-A2DF-764CCA64658D}"
EndProject
Project("{9A19103F-16F7-4668-BE54-9A1E7A4F7556}") = "Seguridad", "Seguridad\Seguridad.csproj", "{003FA3EA-0B77-4170-A747-3C83A717409B}"
EndProject
Global
	GlobalSection(SolutionConfigurationPlatforms) = preSolution
		Debug|Any CPU = Debug|Any CPU
		Debug|x64 = Debug|x64
		Debug|x86 = Debug|x86
		Release|Any CPU = Release|Any CPU
		Release|x64 = Release|x64
		Release|x86 = Release|x86
	EndGlobalSection
	GlobalSection(ProjectConfigurationPlatforms) = postSolution
		{02B70033-1027-4F6A-B170-2DEEE3B3F72E}.Debug|Any CPU.ActiveCfg = Debug|Any CPU
		{02B70033-1027-4F6A-B170-2DEEE3B3F72E}.Debug|Any CPU.Build.0 = Debug|Any CPU
		{02B70033-1027-4F6A-B170-2DEEE3B3F72E}.Debug|x64.ActiveCfg = Debug|Any CPU
		{02B70033-1027-4F6A-B170-2DEEE3B3F72E}.Debug|x64.Build.0 = Debug|Any CPU
		{02B70033-1027-4F6A-B170-2DEEE3B3F72E}.Debug|x86.ActiveCfg = Debug|Any CPU
		{02B70033-1027-4F6A-B170-2DEEE3B3F72E}.Debug|x86.Build.0 = Debug|Any CPU
		{02B70033-1027-4F6A-B170-2DEEE3B3F72E}.Release|Any CPU.ActiveCfg = Release|Any CPU
		{02B70033-1027-4F6A-B170-2DEEE3B3F72E}.Release|Any CPU.Build.0 = Release|Any CPU
		{02B70033-1027-4F6A-B170-2DEEE3B3F72E}.Release|x64.ActiveCfg = Release|Any CPU
		{02B70033-1027-4F6A-B170-2DEEE3B3F72E}.Release|x64.Build.0 = Release|Any CPU
		{02B70033-1027-4F6A-B170-2DEEE3B3F72E}.Release|x86.ActiveCfg = Release|Any CPU
		{02B70033-1027-4F6A-B170-2DEEE3B3F72E}.Release|x86.Build.0 = Release|Any CPU
		{20983F53-2D06-41A7-A1BC-676C430C4D5B}.Debug|Any CPU.ActiveCfg = Debug|Any CPU
		{20983F53-2D06-41A7-A1BC-676C430C4D5B}.Debug|Any CPU.Build.0 = Debug|Any CPU
		{20983F53-2D06-41A7-A1BC-676C430C4D5B}.Debug|x64.ActiveCfg = Debug|Any CPU
		{20983F53-2D06-41A7-A1BC-676C430C4D5B}.Debug|x64.Build.0 = Debug|Any CPU
		{20983F53-2D06-41A7-A1BC-676C430C4D5B}.Debug|x86.ActiveCfg = Debug|Any CPU
		{20983F53-2D06-41A7-A1BC-676C430C4D5B}.Debug|x86.Build.0 = Debug|Any CPU
		{20983F53-2D06-41A7-A1BC-676C430C4D5B}.Release|Any CPU.ActiveCfg = Release|Any CPU
		{20983F53-2D06-41A7-A1BC-676C430C4D5B}.Release|Any CPU.Build.0 = Release|Any CPU
		{20983F53-2D06-41A7-A1BC-676C430C4D5B}.Release|x64.ActiveCfg = Release|Any CPU
		{20983F53-2D06-41A7-A1BC-676C430C4D5B}.Release|x64.Build.0 = Release|Any CPU
		{20983F53-2D06-41A7-A1BC-676C430C4D5B}.Release|x86.ActiveCfg = Release|Any CPU
		{20983F53-2D06-41A7-A1BC-676C430C4D5B}.Release|x86.Build.0 = Release|Any CPU
		{A4BD466B-2663-427D-B3BF-BB272D3A4CFE}.Debug|Any CPU.ActiveCfg = Debug|Any CPU
		{A4BD466B-2663-427D-B3BF-BB272D3A4CFE}.Debug|Any CPU.Build.0 = Debug|Any CPU
		{A4BD466B-2663-427D-B3BF-BB272D3A4CFE}.Debug|x64.ActiveCfg = Debug|Any CPU
		{A4BD466B-2663-427D-B3BF-BB272D3A4CFE}.Debug|x64.Build.0 = Debug|Any CPU
		{A4BD466B-2663-427D-B3BF-BB272D3A4CFE}.Debug|x86.ActiveCfg = Debug|Any CPU
		{A4BD466B-2663-427D-B3BF-BB272D3A4CFE}.Debug|x86.Build.0 = Debug|Any CPU
		{A4BD466B-2663-427D-B3BF-BB272D3A4CFE}.Release|Any CPU.ActiveCfg = Release|Any CPU
		{A4BD466B-2663-427D-B3BF-BB272D3A4CFE}.Release|Any CPU.Build.0 = Release|Any CPU
		{A4BD466B-2663-427D-B3BF-BB272D3A4CFE}.Release|x64.ActiveCfg = Release|Any CPU
		{A4BD466B-2663-427D-B3BF-BB272D3A4CFE}.Release|x64.Build.0 = Release|Any CPU
		{A4BD466B-2663-427D-B3BF-BB272D3A4CFE}.Release|x86.ActiveCfg = Release|Any CPU
		{A4BD466B-2663-427D-B3BF-BB272D3A4CFE}.Release|x86.Build.0 = Release|Any CPU
		{16A38CEE-0456-4228-A2DF-764CCA64658D}.Debug|Any CPU.ActiveCfg = Debug|Any CPU
		{16A38CEE-0456-4228-A2DF-764CCA64658D}.Debug|Any CPU.Build.0 = Debug|Any CPU
		{16A38CEE-0456-4228-A2DF-764CCA64658D}.Debug|x64.ActiveCfg = Debug|Any CPU
		{16A38CEE-0456-4228-A2DF-764CCA64658D}.Debug|x64.Build.0 = Debug|Any CPU
		{16A38CEE-0456-4228-A2DF-764CCA64658D}.Debug|x86.ActiveCfg = Debug|Any CPU
		{16A38CEE-0456-4228-A2DF-764CCA64658D}.Debug|x86.Build.0 = Debug|Any CPU
		{16A38CEE-0456-4228-A2DF-764CCA64658D}.Release|Any CPU.ActiveCfg = Release|Any CPU
		{16A38CEE-0456-4228-A2DF-764CCA64658D}.Release|Any CPU.Build.0 = Release|Any CPU
		{16A38CEE-0456-4228-A2DF-764CCA64658D}.Release|x64.ActiveCfg = Release|Any CPU
		{16A38CEE-0456-4228-A2DF-764CCA64658D}.Release|x64.Build.0 = Release|Any CPU
		{16A38CEE-0456-4228-A2DF-764CCA64658D}.Release|x86.ActiveCfg = Release|Any CPU
		{16A38CEE-0456-4228-A2DF-764CCA64658D}.Release|x86.Build.0 = Release|Any CPU
		{003FA3EA-0B77-4170-A747-3C83A717409B}.Debug|Any CPU.ActiveCfg = Debug|Any CPU
		{003FA3EA-0B77-4170-A747-3C83A717409B}.Debug|Any CPU.Build.0 = Debug|Any CPU
		{003FA3EA-0B77-4170-A747-3C83A717409B}.Debug|x64.ActiveCfg = Debug|Any CPU
		{003FA3EA-0B77-4170-A747-3C83A717409B}.Debug|x64.Build.0 = Debug|Any CPU
		{003FA3EA-0B77-4170-A747-3C83A717409B}.Debug|x86.ActiveCfg = Debug|Any CPU
		{003FA3EA-0B77-4170-A747-3C83A717409B}.Debug|x86.Build.0 = Debug|Any CPU
		{003FA3EA-0B77-4170-A747-3C83A717409B}.Release|Any CPU.ActiveCfg = Release|Any CPU
		{003FA3EA-0B77-4170-A747-3C83A717409B}.Release|Any CPU.Build.0 = Release|Any CPU
		{003FA3EA-0B77-4170-A747-3C83A717409B}.Release|x64.ActiveCfg = Release|Any CPU
		{003FA3EA-0B77-4170-A747-3C83A717409B}.Release|x64.Build.0 = Release|Any CPU
		{003FA3EA-0B77-4170-A747-3C83A717409B}.Release|x86.ActiveCfg = Release|Any CPU
		{003FA3EA-0B77-4170-A747-3C83A717409B}.Release|x86.Build.0 = Release|Any CPU
	EndGlobalSection
	GlobalSection(SolutionProperties) = preSolution
		HideSolutionNode = FALSE
	EndGlobalSection
	GlobalSection(ExtensibilityGlobals) = postSolution
		SolutionGuid = {F9D309EF-20CB-4F1D-90B6-FF3EAA03C803}
	EndGlobalSection
EndGlobal
